
Microsoft Visual Studio Solution File, Format Version 12.00
# Visual Studio Version 16
VisualStudioVersion = 16.0.32802.440
MinimumVisualStudioVersion = 10.0.40219.1
Project("{FAE04EC0-301F-11D3-BF4B-00C04F79EFBC}") = "ControlDeInventarios.entities", "ControlDeInventarios.entities\ControlDeInventarios.entities.csproj", "{66348956-865C-4EF6-B6FF-A789DFDB56E8}"
EndProject
Project("{FAE04EC0-301F-11D3-BF4B-00C04F79EFBC}") = "ControlDeInventarios.mvc", "ControlDeInventarios.mvc\ControlDeInventarios.mvc.csproj", "{785F1138-9554-4E34-9214-752A0DB815F6}"
EndProject
Global
	GlobalSection(SolutionConfigurationPlatforms) = preSolution
		Debug|Any CPU = Debug|Any CPU
		Release|Any CPU = Release|Any CPU
	EndGlobalSection
	GlobalSection(ProjectConfigurationPlatforms) = postSolution
		{66348956-865C-4EF6-B6FF-A789DFDB56E8}.Debug|Any CPU.ActiveCfg = Debug|Any CPU
		{66348956-865C-4EF6-B6FF-A789DFDB56E8}.Debug|Any CPU.Build.0 = Debug|Any CPU
		{66348956-865C-4EF6-B6FF-A789DFDB56E8}.Release|Any CPU.ActiveCfg = Release|Any CPU
		{66348956-865C-4EF6-B6FF-A789DFDB56E8}.Release|Any CPU.Build.0 = Release|Any CPU
		{785F1138-9554-4E34-9214-752A0DB815F6}.Debug|Any CPU.ActiveCfg = Debug|Any CPU
		{785F1138-9554-4E34-9214-752A0DB815F6}.Debug|Any CPU.Build.0 = Debug|Any CPU
		{785F1138-9554-4E34-9214-752A0DB815F6}.Release|Any CPU.ActiveCfg = Release|Any CPU
		{785F1138-9554-4E34-9214-752A0DB815F6}.Release|Any CPU.Build.0 = Release|Any CPU
	EndGlobalSection
	GlobalSection(SolutionProperties) = preSolution
		HideSolutionNode = FALSE
	EndGlobalSection
	GlobalSection(ExtensibilityGlobals) = postSolution
		SolutionGuid = {46B2F859-B0B0-4131-A47C-C8BC5BAFA801}
	EndGlobalSection
EndGlobal
